
Microsoft Visual Studio Solution File, Format Version 12.00
# Visual Studio Version 17
VisualStudioVersion = 17.8.34330.188
MinimumVisualStudioVersion = 10.0.40219.1
Project("{FAE04EC0-301F-11D3-BF4B-00C04F79EFBC}") = "HelloWorld", "HelloWorld.csproj", "{A2AFF033-E63F-4B5A-B851-D17F40DDF671}"
EndProject
Global
	GlobalSection(SolutionConfigurationPlatforms) = preSolution
		Debug|Any CPU = Debug|Any CPU
		Release|Any CPU = Release|Any CPU
	EndGlobalSection
	GlobalSection(ProjectConfigurationPlatforms) = postSolution
		{A2AFF033-E63F-4B5A-B851-D17F40DDF671}.Debug|Any CPU.ActiveCfg = Debug|Any CPU
		{A2AFF033-E63F-4B5A-B851-D17F40DDF671}.Debug|Any CPU.Build.0 = Debug|Any CPU
		{A2AFF033-E63F-4B5A-B851-D17F40DDF671}.Release|Any CPU.ActiveCfg = Release|Any CPU
		{A2AFF033-E63F-4B5A-B851-D17F40DDF671}.Release|Any CPU.Build.0 = Release|Any CPU
	EndGlobalSection
	GlobalSection(SolutionProperties) = preSolution
		HideSolutionNode = FALSE
	EndGlobalSection
	GlobalSection(ExtensibilityGlobals) = postSolution
		SolutionGuid = {1742D6CD-165E-4310-9F96-F5C759E8D8B4}
	EndGlobalSection
EndGlobal
